// !$*UTF8*$!
{
	archiveVersion = 1;
	classes = {
	};
	objectVersion = 56;
	objects = {

/* Begin PBXBuildFile section */
		68143BD52A803C3A00F964A4 /* UIScrollView+SVPullToRefresh.m in Sources */ = {isa = PBXBuildFile; fileRef = 68143BD02A803C3A00F964A4 /* UIScrollView+SVPullToRefresh.m */; };
		68143BD62A803C3A00F964A4 /* UIScrollView+SVInfiniteScrolling.m in Sources */ = {isa = PBXBuildFile; fileRef = 68143BD12A803C3A00F964A4 /* UIScrollView+SVInfiniteScrolling.m */; };
/* End PBXBuildFile section */

/* Begin PBXFileReference section */
		68143BC62A803BBC00F964A4 /* SVPullToRefresh.framework */ = {isa = PBXFileReference; explicitFileType = wrapper.framework; includeInIndex = 0; path = SVPullToRefresh.framework; sourceTree = BUILT_PRODUCTS_DIR; };
		68143BD02A803C3A00F964A4 /* UIScrollView+SVPullToRefresh.m */ = {isa = PBXFileReference; fileEncoding = 4; lastKnownFileType = sourcecode.c.objc; name = "UIScrollView+SVPullToRefresh.m"; path = "SVPullToRefresh/UIScrollView+SVPullToRefresh.m"; sourceTree = "<group>"; };
		68143BD12A803C3A00F964A4 /* UIScrollView+SVInfiniteScrolling.m */ = {isa = PBXFileReference; fileEncoding = 4; lastKnownFileType = sourcecode.c.objc; name = "UIScrollView+SVInfiniteScrolling.m"; path = "SVPullToRefresh/UIScrollView+SVInfiniteScrolling.m"; sourceTree = "<group>"; };
		68143BDE2A803CB500F964A4 /* UIScrollView+SVPullToRefresh.h */ = {isa = PBXFileReference; lastKnownFileType = sourcecode.c.h; path = "UIScrollView+SVPullToRefresh.h"; sourceTree = "<group>"; };
		68143BDF2A803CB500F964A4 /* SVPullToRefresh.h */ = {isa = PBXFileReference; lastKnownFileType = sourcecode.c.h; path = SVPullToRefresh.h; sourceTree = "<group>"; };
		68143BE02A803CB500F964A4 /* UIScrollView+SVInfiniteScrolling.h */ = {isa = PBXFileReference; lastKnownFileType = sourcecode.c.h; path = "UIScrollView+SVInfiniteScrolling.h"; sourceTree = "<group>"; };
/* End PBXFileReference section */

/* Begin PBXFrameworksBuildPhase section */
		68143BC32A803BBC00F964A4 /* Frameworks */ = {
			isa = PBXFrameworksBuildPhase;
			buildActionMask = 2147483647;
			files = (
			);
			runOnlyForDeploymentPostprocessing = 0;
		};
/* End PBXFrameworksBuildPhase section */

/* Begin PBXGroup section */
		68143BBC2A803BBC00F964A4 = {
			isa = PBXGroup;
			children = (
				68143BD32A803C3A00F964A4 /* include */,
				68143BD12A803C3A00F964A4 /* UIScrollView+SVInfiniteScrolling.m */,
				68143BD02A803C3A00F964A4 /* UIScrollView+SVPullToRefresh.m */,
				68143BC72A803BBC00F964A4 /* Products */,
			);
			sourceTree = "<group>";
		};
		68143BC72A803BBC00F964A4 /* Products */ = {
			isa = PBXGroup;
			children = (
				68143BC62A803BBC00F964A4 /* SVPullToRefresh.framework */,
			);
			name = Products;
			sourceTree = "<group>";
		};
		68143BD32A803C3A00F964A4 /* include */ = {
			isa = PBXGroup;
			children = (
				68143BDF2A803CB500F964A4 /* SVPullToRefresh.h */,
				68143BE02A803CB500F964A4 /* UIScrollView+SVInfiniteScrolling.h */,
				68143BDE2A803CB500F964A4 /* UIScrollView+SVPullToRefresh.h */,
			);
			name = include;
			path = SVPullToRefresh/include;
			sourceTree = "<group>";
		};
/* End PBXGroup section */

/* Begin PBXHeadersBuildPhase section */
		68143BC12A803BBC00F964A4 /* Headers */ = {
			isa = PBXHeadersBuildPhase;
			buildActionMask = 2147483647;
			files = (
			);
			runOnlyForDeploymentPostprocessing = 0;
		};
/* End PBXHeadersBuildPhase section */

/* Begin PBXNativeTarget section */
		68143BC52A803BBC00F964A4 /* SVPullToRefresh */ = {
			isa = PBXNativeTarget;
			buildConfigurationList = 68143BCD2A803BBC00F964A4 /* Build configuration list for PBXNativeTarget "SVPullToRefresh" */;
			buildPhases = (
				68143BC12A803BBC00F964A4 /* Headers */,
				68143BC22A803BBC00F964A4 /* Sources */,
				68143BC32A803BBC00F964A4 /* Frameworks */,
				68143BC42A803BBC00F964A4 /* Resources */,
			);
			buildRules = (
			);
			dependencies = (
			);
			name = SVPullToRefresh;
			productName = SVPullToRefresh;
			productReference = 68143BC62A803BBC00F964A4 /* SVPullToRefresh.framework */;
			productType = "com.apple.product-type.framework";
		};
/* End PBXNativeTarget section */

/* Begin PBXProject section */
		68143BBD2A803BBC00F964A4 /* Project object */ = {
			isa = PBXProject;
			attributes = {
				BuildIndependentTargetsInParallel = 1;
				LastUpgradeCheck = 1430;
				TargetAttributes = {
					68143BC52A803BBC00F964A4 = {
						CreatedOnToolsVersion = 14.3.1;
					};
				};
			};
			buildConfigurationList = 68143BC02A803BBC00F964A4 /* Build configuration list for PBXProject "SVPullToRefresh" */;
			compatibilityVersion = "Xcode 14.0";
			developmentRegion = en;
			hasScannedForEncodings = 0;
			knownRegions = (
				en,
				Base,
			);
			mainGroup = 68143BBC2A803BBC00F964A4;
			productRefGroup = 68143BC72A803BBC00F964A4 /* Products */;
			projectDirPath = "";
			projectRoot = "";
			targets = (
				68143BC52A803BBC00F964A4 /* SVPullToRefresh */,
			);
		};
/* End PBXProject section */

/* Begin PBXResourcesBuildPhase section */
		68143BC42A803BBC00F964A4 /* Resources */ = {
			isa = PBXResourcesBuildPhase;
			buildActionMask = 2147483647;
			files = (
			);
			runOnlyForDeploymentPostprocessing = 0;
		};
/* End PBXResourcesBuildPhase section */

/* Begin PBXSourcesBuildPhase section */
		68143BC22A803BBC00F964A4 /* Sources */ = {
			isa = PBXSourcesBuildPhase;
			buildActionMask = 2147483647;
			files = (
				68143BD62A803C3A00F964A4 /* UIScrollView+SVInfiniteScrolling.m in Sources */,
				68143BD52A803C3A00F964A4 /* UIScrollView+SVPullToRefresh.m in Sources */,
			);
			runOnlyForDeploymentPostprocessing = 0;
		};
/* End PBXSourcesBuildPhase section */

/* Begin XCBuildConfiguration section */
		68143BCB2A803BBC00F964A4 /* Debug */ = {
			isa = XCBuildConfiguration;
			buildSettings = {
				ALWAYS_SEARCH_USER_PATHS = NO;
				CLANG_ANALYZER_NONNULL = YES;
				CLANG_ANALYZER_NUMBER_OBJECT_CONVERSION = YES_AGGRESSIVE;
				CLANG_CXX_LANGUAGE_STANDARD = "gnu++20";
				CLANG_ENABLE_MODULES = YES;
				CLANG_ENABLE_OBJC_ARC = YES;
				CLANG_ENABLE_OBJC_WEAK = YES;
				CLANG_WARN_BLOCK_CAPTURE_AUTORELEASING = YES;
				CLANG_WARN_BOOL_CONVERSION = YES;
				CLANG_WARN_COMMA = YES;
				CLANG_WARN_CONSTANT_CONVERSION = YES;
				CLANG_WARN_DEPRECATED_OBJC_IMPLEMENTATIONS = YES;
				CLANG_WARN_DIRECT_OBJC_ISA_USAGE = YES_ERROR;
				CLANG_WARN_DOCUMENTATION_COMMENTS = YES;
				CLANG_WARN_EMPTY_BODY = YES;
				CLANG_WARN_ENUM_CONVERSION = YES;
				CLANG_WARN_INFINITE_RECURSION = YES;
				CLANG_WARN_INT_CONVERSION = YES;
				CLANG_WARN_NON_LITERAL_NULL_CONVERSION = YES;
				CLANG_WARN_OBJC_IMPLICIT_RETAIN_SELF = YES;
				CLANG_WARN_OBJC_LITERAL_CONVERSION = YES;
				CLANG_WARN_OBJC_ROOT_CLASS = YES_ERROR;
				CLANG_WARN_QUOTED_INCLUDE_IN_FRAMEWORK_HEADER = YES;
				CLANG_WARN_RANGE_LOOP_ANALYSIS = YES;
				CLANG_WARN_STRICT_PROTOTYPES = YES;
				CLANG_WARN_SUSPICIOUS_MOVE = YES;
				CLANG_WARN_UNGUARDED_AVAILABILITY = YES_AGGRESSIVE;
				CLANG_WARN_UNREACHABLE_CODE = YES;
				CLANG_WARN__DUPLICATE_METHOD_MATCH = YES;
				COPY_PHASE_STRIP = NO;
				CURRENT_PROJECT_VERSION = 1;
				DEBUG_INFORMATION_FORMAT = dwarf;
				ENABLE_STRICT_OBJC_MSGSEND = YES;
				ENABLE_TESTABILITY = YES;
				GCC_C_LANGUAGE_STANDARD = gnu11;
				GCC_DYNAMIC_NO_PIC = NO;
				GCC_NO_COMMON_BLOCKS = YES;
				GCC_OPTIMIZATION_LEVEL = 0;
				GCC_PREPROCESSOR_DEFINITIONS = (
					"DEBUG=1",
					"$(inherited)",
				);
				GCC_WARN_64_TO_32_BIT_CONVERSION = YES;
				GCC_WARN_ABOUT_RETURN_TYPE = YES_ERROR;
				GCC_WARN_UNDECLARED_SELECTOR = YES;
				GCC_WARN_UNINITIALIZED_AUTOS = YES_AGGRESSIVE;
				GCC_WARN_UNUSED_FUNCTION = YES;
				GCC_WARN_UNUSED_VARIABLE = YES;
				IPHONEOS_DEPLOYMENT_TARGET = 16.4;
				MTL_ENABLE_DEBUG_INFO = INCLUDE_SOURCE;
				MTL_FAST_MATH = YES;
				ONLY_ACTIVE_ARCH = YES;
				SDKROOT = iphoneos;
				VERSIONING_SYSTEM = "apple-generic";
				VERSION_INFO_PREFIX = "";
			};
			name = Debug;
		};
		68143BCC2A803BBC00F964A4 /* Release */ = {
			isa = XCBuildConfiguration;
			buildSettings = {
				ALWAYS_SEARCH_USER_PATHS = NO;
				CLANG_ANALYZER_NONNULL = YES;
				CLANG_ANALYZER_NUMBER_OBJECT_CONVERSION = YES_AGGRESSIVE;
				CLANG_CXX_LANGUAGE_STANDARD = "gnu++20";
				CLANG_ENABLE_MODULES = YES;
				CLANG_ENABLE_OBJC_ARC = YES;
				CLANG_ENABLE_OBJC_WEAK = YES;
				CLANG_WARN_BLOCK_CAPTURE_AUTORELEASING = YES;
				CLANG_WARN_BOOL_CONVERSION = YES;
				CLANG_WARN_COMMA = YES;
				CLANG_WARN_CONSTANT_CONVERSION = YES;
				CLANG_WARN_DEPRECATED_OBJC_IMPLEMENTATIONS = YES;
				CLANG_WARN_DIRECT_OBJC_ISA_USAGE = YES_ERROR;
				CLANG_WARN_DOCUMENTATION_COMMENTS = YES;
				CLANG_WARN_EMPTY_BODY = YES;
				CLANG_WARN_ENUM_CONVERSION = YES;
				CLANG_WARN_INFINITE_RECURSION = YES;
				CLANG_WARN_INT_CONVERSION = YES;
				CLANG_WARN_NON_LITERAL_NULL_CONVERSION = YES;
				CLANG_WARN_OBJC_IMPLICIT_RETAIN_SELF = YES;
				CLANG_WARN_OBJC_LITERAL_CONVERSION = YES;
				CLANG_WARN_OBJC_ROOT_CLASS = YES_ERROR;
				CLANG_WARN_QUOTED_INCLUDE_IN_FRAMEWORK_HEADER = YES;
				CLANG_WARN_RANGE_LOOP_ANALYSIS = YES;
				CLANG_WARN_STRICT_PROTOTYPES = YES;
				CLANG_WARN_SUSPICIOUS_MOVE = YES;
				CLANG_WARN_UNGUARDED_AVAILABILITY = YES_AGGRESSIVE;
				CLANG_WARN_UNREACHABLE_CODE = YES;
				CLANG_WARN__DUPLICATE_METHOD_MATCH = YES;
				COPY_PHASE_STRIP = NO;
				CURRENT_PROJECT_VERSION = 1;
				DEBUG_INFORMATION_FORMAT = "dwarf-with-dsym";
				ENABLE_NS_ASSERTIONS = NO;
				ENABLE_STRICT_OBJC_MSGSEND = YES;
				GCC_C_LANGUAGE_STANDARD = gnu11;
				GCC_NO_COMMON_BLOCKS = YES;
				GCC_WARN_64_TO_32_BIT_CONVERSION = YES;
				GCC_WARN_ABOUT_RETURN_TYPE = YES_ERROR;
				GCC_WARN_UNDECLARED_SELECTOR = YES;
				GCC_WARN_UNINITIALIZED_AUTOS = YES_AGGRESSIVE;
				GCC_WARN_UNUSED_FUNCTION = YES;
				GCC_WARN_UNUSED_VARIABLE = YES;
				IPHONEOS_DEPLOYMENT_TARGET = 16.4;
				MTL_ENABLE_DEBUG_INFO = NO;
				MTL_FAST_MATH = YES;
				SDKROOT = iphoneos;
				VALIDATE_PRODUCT = YES;
				VERSIONING_SYSTEM = "apple-generic";
				VERSION_INFO_PREFIX = "";
			};
			name = Release;
		};
		68143BCE2A803BBC00F964A4 /* Debug */ = {
			isa = XCBuildConfiguration;
			buildSettings = {
				CODE_SIGN_STYLE = Automatic;
				CURRENT_PROJECT_VERSION = 1;
				DEFINES_MODULE = YES;
				DEVELOPMENT_TEAM = 82PBTBJ95K;
				DYLIB_COMPATIBILITY_VERSION = 1;
				DYLIB_CURRENT_VERSION = 1;
				DYLIB_INSTALL_NAME_BASE = "@rpath";
				ENABLE_MODULE_VERIFIER = YES;
				GENERATE_INFOPLIST_FILE = YES;
				INFOPLIST_KEY_NSHumanReadableCopyright = "";
				INSTALL_PATH = "$(LOCAL_LIBRARY_DIR)/Frameworks";
				LD_RUNPATH_SEARCH_PATHS = (
					"$(inherited)",
					"@executable_path/Frameworks",
					"@loader_path/Frameworks",
				);
				MARKETING_VERSION = 1.0;
				MODULE_VERIFIER_SUPPORTED_LANGUAGES = "objective-c objective-c++";
				MODULE_VERIFIER_SUPPORTED_LANGUAGE_STANDARDS = "gnu11 gnu++20";
				PRODUCT_BUNDLE_IDENTIFIER = com.jonnyro.SVPullToRefresh;
				PRODUCT_NAME = "$(TARGET_NAME:c99extidentifier)";
				SKIP_INSTALL = YES;
				SWIFT_EMIT_LOC_STRINGS = YES;
				TARGETED_DEVICE_FAMILY = "1,2";
			};
			name = Debug;
		};
		68143BCF2A803BBC00F964A4 /* Release */ = {
			isa = XCBuildConfiguration;
			buildSettings = {
				CODE_SIGN_STYLE = Automatic;
				CURRENT_PROJECT_VERSION = 1;
				DEFINES_MODULE = YES;
				DEVELOPMENT_TEAM = 82PBTBJ95K;
				DYLIB_COMPATIBILITY_VERSION = 1;
				DYLIB_CURRENT_VERSION = 1;
				DYLIB_INSTALL_NAME_BASE = "@rpath";
				ENABLE_MODULE_VERIFIER = YES;
				GENERATE_INFOPLIST_FILE = YES;
				INFOPLIST_KEY_NSHumanReadableCopyright = "";
				INSTALL_PATH = "$(LOCAL_LIBRARY_DIR)/Frameworks";
				LD_RUNPATH_SEARCH_PATHS = (
					"$(inherited)",
					"@executable_path/Frameworks",
					"@loader_path/Frameworks",
				);
				MARKETING_VERSION = 1.0;
				MODULE_VERIFIER_SUPPORTED_LANGUAGES = "objective-c objective-c++";
				MODULE_VERIFIER_SUPPORTED_LANGUAGE_STANDARDS = "gnu11 gnu++20";
				PRODUCT_BUNDLE_IDENTIFIER = com.jonnyro.SVPullToRefresh;
				PRODUCT_NAME = "$(TARGET_NAME:c99extidentifier)";
				SKIP_INSTALL = YES;
				SWIFT_EMIT_LOC_STRINGS = YES;
				TARGETED_DEVICE_FAMILY = "1,2";
			};
			name = Release;
		};
/* End XCBuildConfiguration section */

/* Begin XCConfigurationList section */
		68143BC02A803BBC00F964A4 /* Build configuration list for PBXProject "SVPullToRefresh" */ = {
			isa = XCConfigurationList;
			buildConfigurations = (
				68143BCB2A803BBC00F964A4 /* Debug */,
				68143BCC2A803BBC00F964A4 /* Release */,
			);
			defaultConfigurationIsVisible = 0;
			defaultConfigurationName = Release;
		};
		68143BCD2A803BBC00F964A4 /* Build configuration list for PBXNativeTarget "SVPullToRefresh" */ = {
			isa = XCConfigurationList;
			buildConfigurations = (
				68143BCE2A803BBC00F964A4 /* Debug */,
				68143BCF2A803BBC00F964A4 /* Release */,
			);
			defaultConfigurationIsVisible = 0;
			defaultConfigurationName = Release;
		};
/* End XCConfigurationList section */
	};
	rootObject = 68143BBD2A803BBC00F964A4 /* Project object */;
}
